
Microsoft Visual Studio Solution File, Format Version 12.00
# Visual Studio 15
VisualStudioVersion = 15.0.27130.2027
MinimumVisualStudioVersion = 10.0.40219.1
Project("{FAE04EC0-301F-11D3-BF4B-00C04F79EFBC}") = "Mod3_Lab1", "Mod3_Lab1\Mod3_Lab1.csproj", "{FD200713-744D-433F-9919-AE61724EEC40}"
EndProject
Global
	GlobalSection(SolutionConfigurationPlatforms) = preSolution
		Debug|Any CPU = Debug|Any CPU
		Release|Any CPU = Release|Any CPU
	EndGlobalSection
	GlobalSection(ProjectConfigurationPlatforms) = postSolution
		{FD200713-744D-433F-9919-AE61724EEC40}.Debug|Any CPU.ActiveCfg = Debug|Any CPU
		{FD200713-744D-433F-9919-AE61724EEC40}.Debug|Any CPU.Build.0 = Debug|Any CPU
		{FD200713-744D-433F-9919-AE61724EEC40}.Release|Any CPU.ActiveCfg = Release|Any CPU
		{FD200713-744D-433F-9919-AE61724EEC40}.Release|Any CPU.Build.0 = Release|Any CPU
	EndGlobalSection
	GlobalSection(SolutionProperties) = preSolution
		HideSolutionNode = FALSE
	EndGlobalSection
	GlobalSection(ExtensibilityGlobals) = postSolution
		SolutionGuid = {31A5D156-E5CA-42D4-8C75-ED4A673F2BF4}
	EndGlobalSection
EndGlobal
